
Microsoft Visual Studio Solution File, Format Version 12.00
# Visual Studio Version 17
VisualStudioVersion = 17.14.36705.20 d17.14
MinimumVisualStudioVersion = 10.0.40219.1
Project("{FAE04EC0-301F-11D3-BF4B-00C04F79EFBC}") = "quiz_patente", "quiz_patente\quiz_patente.csproj", "{FE4B7F5C-8A6C-43F9-98F1-A2F4C299C09C}"
EndProject
Global
	GlobalSection(SolutionConfigurationPlatforms) = preSolution
		Debug|Any CPU = Debug|Any CPU
		Release|Any CPU = Release|Any CPU
	EndGlobalSection
	GlobalSection(ProjectConfigurationPlatforms) = postSolution
		{FE4B7F5C-8A6C-43F9-98F1-A2F4C299C09C}.Debug|Any CPU.ActiveCfg = Debug|Any CPU
		{FE4B7F5C-8A6C-43F9-98F1-A2F4C299C09C}.Debug|Any CPU.Build.0 = Debug|Any CPU
		{FE4B7F5C-8A6C-43F9-98F1-A2F4C299C09C}.Release|Any CPU.ActiveCfg = Release|Any CPU
		{FE4B7F5C-8A6C-43F9-98F1-A2F4C299C09C}.Release|Any CPU.Build.0 = Release|Any CPU
	EndGlobalSection
	GlobalSection(SolutionProperties) = preSolution
		HideSolutionNode = FALSE
	EndGlobalSection
	GlobalSection(ExtensibilityGlobals) = postSolution
		SolutionGuid = {D3406815-8B67-4E53-B469-FBDDE8A98B32}
	EndGlobalSection
EndGlobal
